{
  "name": "SdgProject",
  "lockfileVersion": 3,
  "requires": true,
  "packages": {
    "": {
      "dependencies": {
        "git": "^0.1.5"
      },
      "devDependencies": {
        "push-dir": "^0.4.1"
      }
    },
    "node_modules/git": {
      "version": "0.1.5",
      "resolved": "https://registry.npmjs.org/git/-/git-0.1.5.tgz",
      "integrity": "sha512-N+bfOrXyKMU/fQtCj6D/U9MQOEN0DAA8TLHSLdUQRSWBOkeRvsjJHdrdkvcq05xO7GSDKWc3nDEGoTZ4DfCCSg==",
      "dependencies": {
        "mime": "1.2.9"
      },
      "engines": {
        "node": ">=0.4.0"
      }
    },
    "node_modules/mime": {
      "version": "1.2.9",
      "resolved": "https://registry.npmjs.org/mime/-/mime-1.2.9.tgz",
      "integrity": "sha512-WiLgbHTIq5AYUvU/Luli4mZ1bUcHpGNHyCsbl+KPMg4zt+XUDpQehWjuBjdLaEvDTinvKj/FgfQt3fPoT7j08g=="
    },
    "node_modules/minimist": {
      "version": "1.2.8",
      "resolved": "https://registry.npmjs.org/minimist/-/minimist-1.2.8.tgz",
      "integrity": "sha512-2yyAR8qBkN3YuheJanUpWC5U3bb5osDywNB8RzDVlDwDHbocAJveqqj1u8+SVD7jkWT4yvsHCpWqqWqAxb0zCA==",
      "dev": true,
      "license": "MIT",
      "funding": {
        "url": "https://github.com/sponsors/ljharb"
      }
    },
    "node_modules/push-dir": {
      "version": "0.4.1",
      "resolved": "https://registry.npmjs.org/push-dir/-/push-dir-0.4.1.tgz",
      "integrity": "sha512-Nrrsly0c3kCfu725Jnif/s5adHpBwKCGWBttHVxTndF4iyGBSFtNi/pduFxHF5ks0kWtHcbA3XXP5MEra6iiCA==",
      "dev": true,
      "license": "MIT",
      "dependencies": {
        "minimist": "^1.2.0"
      },
      "bin": {
        "push-dir": "bin/push-dir.js"
      },
      "engines": {
        "node": ">=0.12"
      }
    }
  }
}
